
Microsoft Visual Studio Solution File, Format Version 12.00
# Visual Studio Version 17
VisualStudioVersion = 17.1.32319.34
MinimumVisualStudioVersion = 10.0.40219.1
Project("{8BC9CEB8-8B4A-11D0-8D11-00A0C91BC942}") = "Test_4_17", "Test_4_17\Test_4_17.vcxproj", "{DE00850A-A82A-46BA-B093-CD27931F733D}"
EndProject
Global
	GlobalSection(SolutionConfigurationPlatforms) = preSolution
		Debug|x64 = Debug|x64
		Debug|x86 = Debug|x86
		Release|x64 = Release|x64
		Release|x86 = Release|x86
	EndGlobalSection
	GlobalSection(ProjectConfigurationPlatforms) = postSolution
		{DE00850A-A82A-46BA-B093-CD27931F733D}.Debug|x64.ActiveCfg = Debug|x64
		{DE00850A-A82A-46BA-B093-CD27931F733D}.Debug|x64.Build.0 = Debug|x64
		{DE00850A-A82A-46BA-B093-CD27931F733D}.Debug|x86.ActiveCfg = Debug|Win32
		{DE00850A-A82A-46BA-B093-CD27931F733D}.Debug|x86.Build.0 = Debug|Win32
		{DE00850A-A82A-46BA-B093-CD27931F733D}.Release|x64.ActiveCfg = Release|x64
		{DE00850A-A82A-46BA-B093-CD27931F733D}.Release|x64.Build.0 = Release|x64
		{DE00850A-A82A-46BA-B093-CD27931F733D}.Release|x86.ActiveCfg = Release|Win32
		{DE00850A-A82A-46BA-B093-CD27931F733D}.Release|x86.Build.0 = Release|Win32
	EndGlobalSection
	GlobalSection(SolutionProperties) = preSolution
		HideSolutionNode = FALSE
	EndGlobalSection
	GlobalSection(ExtensibilityGlobals) = postSolution
		SolutionGuid = {579677F1-1DB7-4D75-A95D-BAE5FB0D5F22}
	EndGlobalSection
EndGlobal
