
Microsoft Visual Studio Solution File, Format Version 12.00
# Visual Studio Version 17
VisualStudioVersion = 17.1.32319.34
MinimumVisualStudioVersion = 10.0.40219.1
Project("{8BC9CEB8-8B4A-11D0-8D11-00A0C91BC942}") = "Test_5_16", "Test_5_16\Test_5_16.vcxproj", "{FA3B9FF2-06C6-4C19-9B9B-C220FBBD8309}"
EndProject
Global
	GlobalSection(SolutionConfigurationPlatforms) = preSolution
		Debug|x64 = Debug|x64
		Debug|x86 = Debug|x86
		Release|x64 = Release|x64
		Release|x86 = Release|x86
	EndGlobalSection
	GlobalSection(ProjectConfigurationPlatforms) = postSolution
		{FA3B9FF2-06C6-4C19-9B9B-C220FBBD8309}.Debug|x64.ActiveCfg = Debug|x64
		{FA3B9FF2-06C6-4C19-9B9B-C220FBBD8309}.Debug|x64.Build.0 = Debug|x64
		{FA3B9FF2-06C6-4C19-9B9B-C220FBBD8309}.Debug|x86.ActiveCfg = Debug|Win32
		{FA3B9FF2-06C6-4C19-9B9B-C220FBBD8309}.Debug|x86.Build.0 = Debug|Win32
		{FA3B9FF2-06C6-4C19-9B9B-C220FBBD8309}.Release|x64.ActiveCfg = Release|x64
		{FA3B9FF2-06C6-4C19-9B9B-C220FBBD8309}.Release|x64.Build.0 = Release|x64
		{FA3B9FF2-06C6-4C19-9B9B-C220FBBD8309}.Release|x86.ActiveCfg = Release|Win32
		{FA3B9FF2-06C6-4C19-9B9B-C220FBBD8309}.Release|x86.Build.0 = Release|Win32
	EndGlobalSection
	GlobalSection(SolutionProperties) = preSolution
		HideSolutionNode = FALSE
	EndGlobalSection
	GlobalSection(ExtensibilityGlobals) = postSolution
		SolutionGuid = {D246E8DF-D39A-4E4E-AFF7-6B20B049E6ED}
	EndGlobalSection
EndGlobal
